// !$*UTF8*$!
{
	archiveVersion = 1;
	classes = {
	};
	objectVersion = 46;
	objects = {

/* Begin PBXBuildFile section */
		3CAD5AA21A67D4DF00F8ED75 /* main.m in Sources */ = {isa = PBXBuildFile; fileRef = 3CAD5AA11A67D4DF00F8ED75 /* main.m */; };
		3CAD5AA51A67D4DF00F8ED75 /* AppDelegate.m in Sources */ = {isa = PBXBuildFile; fileRef = 3CAD5AA41A67D4DF00F8ED75 /* AppDelegate.m */; };
		3CAD5AA81A67D4DF00F8ED75 /* ViewController.m in Sources */ = {isa = PBXBuildFile; fileRef = 3CAD5AA71A67D4DF00F8ED75 /* ViewController.m */; };
		3CAD5AAB1A67D4DF00F8ED75 /* Main.storyboard in Resources */ = {isa = PBXBuildFile; fileRef = 3CAD5AA91A67D4DF00F8ED75 /* Main.storyboard */; };
		3CAD5AAD1A67D4DF00F8ED75 /* Images.xcassets in Resources */ = {isa = PBXBuildFile; fileRef = 3CAD5AAC1A67D4DF00F8ED75 /* Images.xcassets */; };
		3CAD5AB01A67D4DF00F8ED75 /* LaunchScreen.xib in Resources */ = {isa = PBXBuildFile; fileRef = 3CAD5AAE1A67D4DF00F8ED75 /* LaunchScreen.xib */; };
		3CAD5ABC1A67D4DF00F8ED75 /* JHCopyLabelTests.m in Sources */ = {isa = PBXBuildFile; fileRef = 3CAD5ABB1A67D4DF00F8ED75 /* JHCopyLabelTests.m */; };
		3CAD5AC71A67D4F700F8ED75 /* JHCopyLabel.m in Sources */ = {isa = PBXBuildFile; fileRef = 3CAD5AC61A67D4F700F8ED75 /* JHCopyLabel.m */; };
/* End PBXBuildFile section */

/* Begin PBXContainerItemProxy section */
		3CAD5AB61A67D4DF00F8ED75 /* PBXContainerItemProxy */ = {
			isa = PBXContainerItemProxy;
			containerPortal = 3CAD5A941A67D4DF00F8ED75 /* Project object */;
			proxyType = 1;
			remoteGlobalIDString = 3CAD5A9B1A67D4DF00F8ED75;
			remoteInfo = JHCopyLabel;
		};
/* End PBXContainerItemProxy section */

/* Begin PBXFileReference section */
		3CAD5A9C1A67D4DF00F8ED75 /* JHCopyLabel.app */ = {isa = PBXFileReference; explicitFileType = wrapper.application; includeInIndex = 0; path = JHCopyLabel.app; sourceTree = BUILT_PRODUCTS_DIR; };
		3CAD5AA01A67D4DF00F8ED75 /* Info.plist */ = {isa = PBXFileReference; lastKnownFileType = text.plist.xml; path = Info.plist; sourceTree = "<group>"; };
		3CAD5AA11A67D4DF00F8ED75 /* main.m */ = {isa = PBXFileReference; lastKnownFileType = sourcecode.c.objc; path = main.m; sourceTree = "<group>"; };
		3CAD5AA31A67D4DF00F8ED75 /* AppDelegate.h */ = {isa = PBXFileReference; lastKnownFileType = sourcecode.c.h; path = AppDelegate.h; sourceTree = "<group>"; };
		3CAD5AA41A67D4DF00F8ED75 /* AppDelegate.m */ = {isa = PBXFileReference; lastKnownFileType = sourcecode.c.objc; path = AppDelegate.m; sourceTree = "<group>"; };
		3CAD5AA61A67D4DF00F8ED75 /* ViewController.h */ = {isa = PBXFileReference; lastKnownFileType = sourcecode.c.h; path = ViewController.h; sourceTree = "<group>"; };
		3CAD5AA71A67D4DF00F8ED75 /* ViewController.m */ = {isa = PBXFileReference; lastKnownFileType = sourcecode.c.objc; path = ViewController.m; sourceTree = "<group>"; };
		3CAD5AAA1A67D4DF00F8ED75 /* Base */ = {isa = PBXFileReference; lastKnownFileType = file.storyboard; name = Base; path = Base.lproj/Main.storyboard; sourceTree = "<group>"; };
		3CAD5AAC1A67D4DF00F8ED75 /* Images.xcassets */ = {isa = PBXFileReference; lastKnownFileType = folder.assetcatalog; path = Images.xcassets; sourceTree = "<group>"; };
		3CAD5AAF1A67D4DF00F8ED75 /* Base */ = {isa = PBXFileReference; lastKnownFileType = file.xib; name = Base; path = Base.lproj/LaunchScreen.xib; sourceTree = "<group>"; };
		3CAD5AB51A67D4DF00F8ED75 /* JHCopyLabelTests.xctest */ = {isa = PBXFileReference; explicitFileType = wrapper.cfbundle; includeInIndex = 0; path = JHCopyLabelTests.xctest; sourceTree = BUILT_PRODUCTS_DIR; };
		3CAD5ABA1A67D4DF00F8ED75 /* Info.plist */ = {isa = PBXFileReference; lastKnownFileType = text.plist.xml; path = Info.plist; sourceTree = "<group>"; };
		3CAD5ABB1A67D4DF00F8ED75 /* JHCopyLabelTests.m */ = {isa = PBXFileReference; lastKnownFileType = sourcecode.c.objc; path = JHCopyLabelTests.m; sourceTree = "<group>"; };
		3CAD5AC51A67D4F700F8ED75 /* JHCopyLabel.h */ = {isa = PBXFileReference; fileEncoding = 4; lastKnownFileType = sourcecode.c.h; path = JHCopyLabel.h; sourceTree = "<group>"; };
		3CAD5AC61A67D4F700F8ED75 /* JHCopyLabel.m */ = {isa = PBXFileReference; fileEncoding = 4; lastKnownFileType = sourcecode.c.objc; path = JHCopyLabel.m; sourceTree = "<group>"; };
/* End PBXFileReference section */

/* Begin PBXFrameworksBuildPhase section */
		3CAD5A991A67D4DF00F8ED75 /* Frameworks */ = {
			isa = PBXFrameworksBuildPhase;
			buildActionMask = 2147483647;
			files = (
			);
			runOnlyForDeploymentPostprocessing = 0;
		};
		3CAD5AB21A67D4DF00F8ED75 /* Frameworks */ = {
			isa = PBXFrameworksBuildPhase;
			buildActionMask = 2147483647;
			files = (
			);
			runOnlyForDeploymentPostprocessing = 0;
		};
/* End PBXFrameworksBuildPhase section */

/* Begin PBXGroup section */
		3CAD5A931A67D4DF00F8ED75 = {
			isa = PBXGroup;
			children = (
				3CAD5A9E1A67D4DF00F8ED75 /* JHCopyLabel */,
				3CAD5AB81A67D4DF00F8ED75 /* JHCopyLabelTests */,
				3CAD5A9D1A67D4DF00F8ED75 /* Products */,
			);
			sourceTree = "<group>";
		};
		3CAD5A9D1A67D4DF00F8ED75 /* Products */ = {
			isa = PBXGroup;
			children = (
				3CAD5A9C1A67D4DF00F8ED75 /* JHCopyLabel.app */,
				3CAD5AB51A67D4DF00F8ED75 /* JHCopyLabelTests.xctest */,
			);
			name = Products;
			sourceTree = "<group>";
		};
		3CAD5A9E1A67D4DF00F8ED75 /* JHCopyLabel */ = {
			isa = PBXGroup;
			children = (
				3CAD5AA31A67D4DF00F8ED75 /* AppDelegate.h */,
				3CAD5AA41A67D4DF00F8ED75 /* AppDelegate.m */,
				3CAD5AA61A67D4DF00F8ED75 /* ViewController.h */,
				3CAD5AA71A67D4DF00F8ED75 /* ViewController.m */,
				3CAD5AA91A67D4DF00F8ED75 /* Main.storyboard */,
				3CAD5AAC1A67D4DF00F8ED75 /* Images.xcassets */,
				3CAD5AAE1A67D4DF00F8ED75 /* LaunchScreen.xib */,
				3CAD5A9F1A67D4DF00F8ED75 /* Supporting Files */,
				3CAD5AC51A67D4F700F8ED75 /* JHCopyLabel.h */,
				3CAD5AC61A67D4F700F8ED75 /* JHCopyLabel.m */,
			);
			path = JHCopyLabel;
			sourceTree = "<group>";
		};
		3CAD5A9F1A67D4DF00F8ED75 /* Supporting Files */ = {
			isa = PBXGroup;
			children = (
				3CAD5AA01A67D4DF00F8ED75 /* Info.plist */,
				3CAD5AA11A67D4DF00F8ED75 /* main.m */,
			);
			name = "Supporting Files";
			sourceTree = "<group>";
		};
		3CAD5AB81A67D4DF00F8ED75 /* JHCopyLabelTests */ = {
			isa = PBXGroup;
			children = (
				3CAD5ABB1A67D4DF00F8ED75 /* JHCopyLabelTests.m */,
				3CAD5AB91A67D4DF00F8ED75 /* Supporting Files */,
			);
			path = JHCopyLabelTests;
			sourceTree = "<group>";
		};
		3CAD5AB91A67D4DF00F8ED75 /* Supporting Files */ = {
			isa = PBXGroup;
			children = (
				3CAD5ABA1A67D4DF00F8ED75 /* Info.plist */,
			);
			name = "Supporting Files";
			sourceTree = "<group>";
		};
/* End PBXGroup section */

/* Begin PBXNativeTarget section */
		3CAD5A9B1A67D4DF00F8ED75 /* JHCopyLabel */ = {
			isa = PBXNativeTarget;
			buildConfigurationList = 3CAD5ABF1A67D4DF00F8ED75 /* Build configuration list for PBXNativeTarget "JHCopyLabel" */;
			buildPhases = (
				3CAD5A981A67D4DF00F8ED75 /* Sources */,
				3CAD5A991A67D4DF00F8ED75 /* Frameworks */,
				3CAD5A9A1A67D4DF00F8ED75 /* Resources */,
			);
			buildRules = (
			);
			dependencies = (
			);
			name = JHCopyLabel;
			productName = JHCopyLabel;
			productReference = 3CAD5A9C1A67D4DF00F8ED75 /* JHCopyLabel.app */;
			productType = "com.apple.product-type.application";
		};
		3CAD5AB41A67D4DF00F8ED75 /* JHCopyLabelTests */ = {
			isa = PBXNativeTarget;
			buildConfigurationList = 3CAD5AC21A67D4DF00F8ED75 /* Build configuration list for PBXNativeTarget "JHCopyLabelTests" */;
			buildPhases = (
				3CAD5AB11A67D4DF00F8ED75 /* Sources */,
				3CAD5AB21A67D4DF00F8ED75 /* Frameworks */,
				3CAD5AB31A67D4DF00F8ED75 /* Resources */,
			);
			buildRules = (
			);
			dependencies = (
				3CAD5AB71A67D4DF00F8ED75 /* PBXTargetDependency */,
			);
			name = JHCopyLabelTests;
			productName = JHCopyLabelTests;
			productReference = 3CAD5AB51A67D4DF00F8ED75 /* JHCopyLabelTests.xctest */;
			productType = "com.apple.product-type.bundle.unit-test";
		};
/* End PBXNativeTarget section */

/* Begin PBXProject section */
		3CAD5A941A67D4DF00F8ED75 /* Project object */ = {
			isa = PBXProject;
			attributes = {
				LastUpgradeCheck = 0610;
				ORGANIZATIONNAME = jinhua;
				TargetAttributes = {
					3CAD5A9B1A67D4DF00F8ED75 = {
						CreatedOnToolsVersion = 6.1.1;
					};
					3CAD5AB41A67D4DF00F8ED75 = {
						CreatedOnToolsVersion = 6.1.1;
						TestTargetID = 3CAD5A9B1A67D4DF00F8ED75;
					};
				};
			};
			buildConfigurationList = 3CAD5A971A67D4DF00F8ED75 /* Build configuration list for PBXProject "JHCopyLabel" */;
			compatibilityVersion = "Xcode 3.2";
			developmentRegion = English;
			hasScannedForEncodings = 0;
			knownRegions = (
				en,
				Base,
			);
			mainGroup = 3CAD5A931A67D4DF00F8ED75;
			productRefGroup = 3CAD5A9D1A67D4DF00F8ED75 /* Products */;
			projectDirPath = "";
			projectRoot = "";
			targets = (
				3CAD5A9B1A67D4DF00F8ED75 /* JHCopyLabel */,
				3CAD5AB41A67D4DF00F8ED75 /* JHCopyLabelTests */,
			);
		};
/* End PBXProject section */

/* Begin PBXResourcesBuildPhase section */
		3CAD5A9A1A67D4DF00F8ED75 /* Resources */ = {
			isa = PBXResourcesBuildPhase;
			buildActionMask = 2147483647;
			files = (
				3CAD5AAB1A67D4DF00F8ED75 /* Main.storyboard in Resources */,
				3CAD5AB01A67D4DF00F8ED75 /* LaunchScreen.xib in Resources */,
				3CAD5AAD1A67D4DF00F8ED75 /* Images.xcassets in Resources */,
			);
			runOnlyForDeploymentPostprocessing = 0;
		};
		3CAD5AB31A67D4DF00F8ED75 /* Resources */ = {
			isa = PBXResourcesBuildPhase;
			buildActionMask = 2147483647;
			files = (
			);
			runOnlyForDeploymentPostprocessing = 0;
		};
/* End PBXResourcesBuildPhase section */

/* Begin PBXSourcesBuildPhase section */
		3CAD5A981A67D4DF00F8ED75 /* Sources */ = {
			isa = PBXSourcesBuildPhase;
			buildActionMask = 2147483647;
			files = (
				3CAD5AA81A67D4DF00F8ED75 /* ViewController.m in Sources */,
				3CAD5AC71A67D4F700F8ED75 /* JHCopyLabel.m in Sources */,
				3CAD5AA51A67D4DF00F8ED75 /* AppDelegate.m in Sources */,
				3CAD5AA21A67D4DF00F8ED75 /* main.m in Sources */,
			);
			runOnlyForDeploymentPostprocessing = 0;
		};
		3CAD5AB11A67D4DF00F8ED75 /* Sources */ = {
			isa = PBXSourcesBuildPhase;
			buildActionMask = 2147483647;
			files = (
				3CAD5ABC1A67D4DF00F8ED75 /* JHCopyLabelTests.m in Sources */,
			);
			runOnlyForDeploymentPostprocessing = 0;
		};
/* End PBXSourcesBuildPhase section */

/* Begin PBXTargetDependency section */
		3CAD5AB71A67D4DF00F8ED75 /* PBXTargetDependency */ = {
			isa = PBXTargetDependency;
			target = 3CAD5A9B1A67D4DF00F8ED75 /* JHCopyLabel */;
			targetProxy = 3CAD5AB61A67D4DF00F8ED75 /* PBXContainerItemProxy */;
		};
/* End PBXTargetDependency section */

/* Begin PBXVariantGroup section */
		3CAD5AA91A67D4DF00F8ED75 /* Main.storyboard */ = {
			isa = PBXVariantGroup;
			children = (
				3CAD5AAA1A67D4DF00F8ED75 /* Base */,
			);
			name = Main.storyboard;
			sourceTree = "<group>";
		};
		3CAD5AAE1A67D4DF00F8ED75 /* LaunchScreen.xib */ = {
			isa = PBXVariantGroup;
			children = (
				3CAD5AAF1A67D4DF00F8ED75 /* Base */,
			);
			name = LaunchScreen.xib;
			sourceTree = "<group>";
		};
/* End PBXVariantGroup section */

/* Begin XCBuildConfiguration section */
		3CAD5ABD1A67D4DF00F8ED75 /* Debug */ = {
			isa = XCBuildConfiguration;
			buildSettings = {
				ALWAYS_SEARCH_USER_PATHS = NO;
				CLANG_CXX_LANGUAGE_STANDARD = "gnu++0x";
				CLANG_CXX_LIBRARY = "libc++";
				CLANG_ENABLE_MODULES = YES;
				CLANG_ENABLE_OBJC_ARC = YES;
				CLANG_WARN_BOOL_CONVERSION = YES;
				CLANG_WARN_CONSTANT_CONVERSION = YES;
				CLANG_WARN_DIRECT_OBJC_ISA_USAGE = YES_ERROR;
				CLANG_WARN_EMPTY_BODY = YES;
				CLANG_WARN_ENUM_CONVERSION = YES;
				CLANG_WARN_INT_CONVERSION = YES;
				CLANG_WARN_OBJC_ROOT_CLASS = YES_ERROR;
				CLANG_WARN_UNREACHABLE_CODE = YES;
				CLANG_WARN__DUPLICATE_METHOD_MATCH = YES;
				"CODE_SIGN_IDENTITY[sdk=iphoneos*]" = "iPhone Developer";
				COPY_PHASE_STRIP = NO;
				ENABLE_STRICT_OBJC_MSGSEND = YES;
				GCC_C_LANGUAGE_STANDARD = gnu99;
				GCC_DYNAMIC_NO_PIC = NO;
				GCC_OPTIMIZATION_LEVEL = 0;
				GCC_PREPROCESSOR_DEFINITIONS = (
					"DEBUG=1",
					"$(inherited)",
				);
				GCC_SYMBOLS_PRIVATE_EXTERN = NO;
				GCC_WARN_64_TO_32_BIT_CONVERSION = YES;
				GCC_WARN_ABOUT_RETURN_TYPE = YES_ERROR;
				GCC_WARN_UNDECLARED_SELECTOR = YES;
				GCC_WARN_UNINITIALIZED_AUTOS = YES_AGGRESSIVE;
				GCC_WARN_UNUSED_FUNCTION = YES;
				GCC_WARN_UNUSED_VARIABLE = YES;
				IPHONEOS_DEPLOYMENT_TARGET = 8.1;
				MTL_ENABLE_DEBUG_INFO = YES;
				ONLY_ACTIVE_ARCH = YES;
				SDKROOT = iphoneos;
				TARGETED_DEVICE_FAMILY = "1,2";
			};
			name = Debug;
		};
		3CAD5ABE1A67D4DF00F8ED75 /* Release */ = {
			isa = XCBuildConfiguration;
			buildSettings = {
				ALWAYS_SEARCH_USER_PATHS = NO;
				CLANG_CXX_LANGUAGE_STANDARD = "gnu++0x";
				CLANG_CXX_LIBRARY = "libc++";
				CLANG_ENABLE_MODULES = YES;
				CLANG_ENABLE_OBJC_ARC = YES;
				CLANG_WARN_BOOL_CONVERSION = YES;
				CLANG_WARN_CONSTANT_CONVERSION = YES;
				CLANG_WARN_DIRECT_OBJC_ISA_USAGE = YES_ERROR;
				CLANG_WARN_EMPTY_BODY = YES;
				CLANG_WARN_ENUM_CONVERSION = YES;
				CLANG_WARN_INT_CONVERSION = YES;
				CLANG_WARN_OBJC_ROOT_CLASS = YES_ERROR;
				CLANG_WARN_UNREACHABLE_CODE = YES;
				CLANG_WARN__DUPLICATE_METHOD_MATCH = YES;
				"CODE_SIGN_IDENTITY[sdk=iphoneos*]" = "iPhone Developer";
				COPY_PHASE_STRIP = YES;
				ENABLE_NS_ASSERTIONS = NO;
				ENABLE_STRICT_OBJC_MSGSEND = YES;
				GCC_C_LANGUAGE_STANDARD = gnu99;
				GCC_WARN_64_TO_32_BIT_CONVERSION = YES;
				GCC_WARN_ABOUT_RETURN_TYPE = YES_ERROR;
				GCC_WARN_UNDECLARED_SELECTOR = YES;
				GCC_WARN_UNINITIALIZED_AUTOS = YES_AGGRESSIVE;
				GCC_WARN_UNUSED_FUNCTION = YES;
				GCC_WARN_UNUSED_VARIABLE = YES;
				IPHONEOS_DEPLOYMENT_TARGET = 8.1;
				MTL_ENABLE_DEBUG_INFO = NO;
				SDKROOT = iphoneos;
				TARGETED_DEVICE_FAMILY = "1,2";
				VALIDATE_PRODUCT = YES;
			};
			name = Release;
		};
		3CAD5AC01A67D4DF00F8ED75 /* Debug */ = {
			isa = XCBuildConfiguration;
			buildSettings = {
				ASSETCATALOG_COMPILER_APPICON_NAME = AppIcon;
				INFOPLIST_FILE = JHCopyLabel/Info.plist;
				LD_RUNPATH_SEARCH_PATHS = "$(inherited) @executable_path/Frameworks";
				PRODUCT_NAME = "$(TARGET_NAME)";
			};
			name = Debug;
		};
		3CAD5AC11A67D4DF00F8ED75 /* Release */ = {
			isa = XCBuildConfiguration;
			buildSettings = {
				ASSETCATALOG_COMPILER_APPICON_NAME = AppIcon;
				INFOPLIST_FILE = JHCopyLabel/Info.plist;
				LD_RUNPATH_SEARCH_PATHS = "$(inherited) @executable_path/Frameworks";
				PRODUCT_NAME = "$(TARGET_NAME)";
			};
			name = Release;
		};
		3CAD5AC31A67D4DF00F8ED75 /* Debug */ = {
			isa = XCBuildConfiguration;
			buildSettings = {
				BUNDLE_LOADER = "$(TEST_HOST)";
				FRAMEWORK_SEARCH_PATHS = (
					"$(SDKROOT)/Developer/Library/Frameworks",
					"$(inherited)",
				);
				GCC_PREPROCESSOR_DEFINITIONS = (
					"DEBUG=1",
					"$(inherited)",
				);
				INFOPLIST_FILE = JHCopyLabelTests/Info.plist;
				LD_RUNPATH_SEARCH_PATHS = "$(inherited) @executable_path/Frameworks @loader_path/Frameworks";
				PRODUCT_NAME = "$(TARGET_NAME)";
				TEST_HOST = "$(BUILT_PRODUCTS_DIR)/JHCopyLabel.app/JHCopyLabel";
			};
			name = Debug;
		};
		3CAD5AC41A67D4DF00F8ED75 /* Release */ = {
			isa = XCBuildConfiguration;
			buildSettings = {
				BUNDLE_LOADER = "$(TEST_HOST)";
				FRAMEWORK_SEARCH_PATHS = (
					"$(SDKROOT)/Developer/Library/Frameworks",
					"$(inherited)",
				);
				INFOPLIST_FILE = JHCopyLabelTests/Info.plist;
				LD_RUNPATH_SEARCH_PATHS = "$(inherited) @executable_path/Frameworks @loader_path/Frameworks";
				PRODUCT_NAME = "$(TARGET_NAME)";
				TEST_HOST = "$(BUILT_PRODUCTS_DIR)/JHCopyLabel.app/JHCopyLabel";
			};
			name = Release;
		};
/* End XCBuildConfiguration section */

/* Begin XCConfigurationList section */
		3CAD5A971A67D4DF00F8ED75 /* Build configuration list for PBXProject "JHCopyLabel" */ = {
			isa = XCConfigurationList;
			buildConfigurations = (
				3CAD5ABD1A67D4DF00F8ED75 /* Debug */,
				3CAD5ABE1A67D4DF00F8ED75 /* Release */,
			);
			defaultConfigurationIsVisible = 0;
			defaultConfigurationName = Release;
		};
		3CAD5ABF1A67D4DF00F8ED75 /* Build configuration list for PBXNativeTarget "JHCopyLabel" */ = {
			isa = XCConfigurationList;
			buildConfigurations = (
				3CAD5AC01A67D4DF00F8ED75 /* Debug */,
				3CAD5AC11A67D4DF00F8ED75 /* Release */,
			);
			defaultConfigurationIsVisible = 0;
		};
		3CAD5AC21A67D4DF00F8ED75 /* Build configuration list for PBXNativeTarget "JHCopyLabelTests" */ = {
			isa = XCConfigurationList;
			buildConfigurations = (
				3CAD5AC31A67D4DF00F8ED75 /* Debug */,
				3CAD5AC41A67D4DF00F8ED75 /* Release */,
			);
			defaultConfigurationIsVisible = 0;
		};
/* End XCConfigurationList section */
	};
	rootObject = 3CAD5A941A67D4DF00F8ED75 /* Project object */;
}
